// !$*UTF8*$!
{
	archiveVersion = 1;
	classes = {
	};
	objectVersion = 50;
	objects = {

/* Begin PBXBuildFile section */
		F219759B2571A7950056B028 /* InfoView.swift in Sources */ = {isa = PBXBuildFile; fileRef = F219759A2571A7950056B028 /* InfoView.swift */; };
		F219759F2571B9320056B028 /* SymbolsModel.swift in Sources */ = {isa = PBXBuildFile; fileRef = F219759E2571B9320056B028 /* SymbolsModel.swift */; };
		F21975A42572DF460056B028 /* PlaySound.swift in Sources */ = {isa = PBXBuildFile; fileRef = F21975A32572DF460056B028 /* PlaySound.swift */; };
		F24F99DA25716F710000182D /* iSlotsApp.swift in Sources */ = {isa = PBXBuildFile; fileRef = F24F99D925716F710000182D /* iSlotsApp.swift */; };
		F24F99DC25716F710000182D /* ContentView.swift in Sources */ = {isa = PBXBuildFile; fileRef = F24F99DB25716F710000182D /* ContentView.swift */; };
		F24F99DE25716F730000182D /* Assets.xcassets in Resources */ = {isa = PBXBuildFile; fileRef = F24F99DD25716F730000182D /* Assets.xcassets */; };
		F24F99E125716F730000182D /* Preview Assets.xcassets in Resources */ = {isa = PBXBuildFile; fileRef = F24F99E025716F730000182D /* Preview Assets.xcassets */; };
		F24F99F1257173C50000182D /* win.mp3 in Resources */ = {isa = PBXBuildFile; fileRef = F24F99E9257173C40000182D /* win.mp3 */; };
		F24F99F2257173C50000182D /* casino-chips.mp3 in Resources */ = {isa = PBXBuildFile; fileRef = F24F99EA257173C50000182D /* casino-chips.mp3 */; };
		F24F99F3257173C50000182D /* background-music.mp3 in Resources */ = {isa = PBXBuildFile; fileRef = F24F99EB257173C50000182D /* background-music.mp3 */; };
		F24F99F4257173C50000182D /* game-over.mp3 in Resources */ = {isa = PBXBuildFile; fileRef = F24F99EC257173C50000182D /* game-over.mp3 */; };
		F24F99F5257173C50000182D /* riseup.mp3 in Resources */ = {isa = PBXBuildFile; fileRef = F24F99ED257173C50000182D /* riseup.mp3 */; };
		F24F99F6257173C50000182D /* high-score.mp3 in Resources */ = {isa = PBXBuildFile; fileRef = F24F99EE257173C50000182D /* high-score.mp3 */; };
		F24F99F7257173C50000182D /* chimeup.mp3 in Resources */ = {isa = PBXBuildFile; fileRef = F24F99EF257173C50000182D /* chimeup.mp3 */; };
		F24F99F8257173C50000182D /* spin.mp3 in Resources */ = {isa = PBXBuildFile; fileRef = F24F99F0257173C50000182D /* spin.mp3 */; };
		F24F99FF257174410000182D /* LaunchScreen.storyboard in Resources */ = {isa = PBXBuildFile; fileRef = F24F99FE257174410000182D /* LaunchScreen.storyboard */; };
		F268EF992571808E00ADD4EA /* LogoView.swift in Sources */ = {isa = PBXBuildFile; fileRef = F268EF982571808E00ADD4EA /* LogoView.swift */; };
		F268EF9C2571811D00ADD4EA /* Modifiers.swift in Sources */ = {isa = PBXBuildFile; fileRef = F268EF9B2571811D00ADD4EA /* Modifiers.swift */; };
		F268EFA0257190B900ADD4EA /* Extensions.swift in Sources */ = {isa = PBXBuildFile; fileRef = F268EF9F257190B900ADD4EA /* Extensions.swift */; };
		F268EFA3257196F900ADD4EA /* ReelView.swift in Sources */ = {isa = PBXBuildFile; fileRef = F268EFA2257196F900ADD4EA /* ReelView.swift */; };
/* End PBXBuildFile section */

/* Begin PBXFileReference section */
		F219759A2571A7950056B028 /* InfoView.swift */ = {isa = PBXFileReference; lastKnownFileType = sourcecode.swift; path = InfoView.swift; sourceTree = "<group>"; };
		F219759E2571B9320056B028 /* SymbolsModel.swift */ = {isa = PBXFileReference; lastKnownFileType = sourcecode.swift; path = SymbolsModel.swift; sourceTree = "<group>"; };
		F21975A32572DF460056B028 /* PlaySound.swift */ = {isa = PBXFileReference; lastKnownFileType = sourcecode.swift; path = PlaySound.swift; sourceTree = "<group>"; };
		F21975A62574431C0056B028 /* iSlots.entitlements */ = {isa = PBXFileReference; lastKnownFileType = text.plist.entitlements; path = iSlots.entitlements; sourceTree = "<group>"; };
		F24F99D625716F710000182D /* iSlots.app */ = {isa = PBXFileReference; explicitFileType = wrapper.application; includeInIndex = 0; path = iSlots.app; sourceTree = BUILT_PRODUCTS_DIR; };
		F24F99D925716F710000182D /* iSlotsApp.swift */ = {isa = PBXFileReference; lastKnownFileType = sourcecode.swift; path = iSlotsApp.swift; sourceTree = "<group>"; };
		F24F99DB25716F710000182D /* ContentView.swift */ = {isa = PBXFileReference; lastKnownFileType = sourcecode.swift; path = ContentView.swift; sourceTree = "<group>"; };
		F24F99DD25716F730000182D /* Assets.xcassets */ = {isa = PBXFileReference; lastKnownFileType = folder.assetcatalog; path = Assets.xcassets; sourceTree = "<group>"; };
		F24F99E025716F730000182D /* Preview Assets.xcassets */ = {isa = PBXFileReference; lastKnownFileType = folder.assetcatalog; path = "Preview Assets.xcassets"; sourceTree = "<group>"; };
		F24F99E225716F730000182D /* Info.plist */ = {isa = PBXFileReference; lastKnownFileType = text.plist.xml; path = Info.plist; sourceTree = "<group>"; };
		F24F99E9257173C40000182D /* win.mp3 */ = {isa = PBXFileReference; lastKnownFileType = audio.mp3; path = win.mp3; sourceTree = "<group>"; };
		F24F99EA257173C50000182D /* casino-chips.mp3 */ = {isa = PBXFileReference; lastKnownFileType = audio.mp3; path = "casino-chips.mp3"; sourceTree = "<group>"; };
		F24F99EB257173C50000182D /* background-music.mp3 */ = {isa = PBXFileReference; lastKnownFileType = audio.mp3; path = "background-music.mp3"; sourceTree = "<group>"; };
		F24F99EC257173C50000182D /* game-over.mp3 */ = {isa = PBXFileReference; lastKnownFileType = audio.mp3; path = "game-over.mp3"; sourceTree = "<group>"; };
		F24F99ED257173C50000182D /* riseup.mp3 */ = {isa = PBXFileReference; lastKnownFileType = audio.mp3; path = riseup.mp3; sourceTree = "<group>"; };
		F24F99EE257173C50000182D /* high-score.mp3 */ = {isa = PBXFileReference; lastKnownFileType = audio.mp3; path = "high-score.mp3"; sourceTree = "<group>"; };
		F24F99EF257173C50000182D /* chimeup.mp3 */ = {isa = PBXFileReference; lastKnownFileType = audio.mp3; path = chimeup.mp3; sourceTree = "<group>"; };
		F24F99F0257173C50000182D /* spin.mp3 */ = {isa = PBXFileReference; lastKnownFileType = audio.mp3; path = spin.mp3; sourceTree = "<group>"; };
		F24F99FE257174410000182D /* LaunchScreen.storyboard */ = {isa = PBXFileReference; lastKnownFileType = file.storyboard; path = LaunchScreen.storyboard; sourceTree = "<group>"; };
		F268EF982571808E00ADD4EA /* LogoView.swift */ = {isa = PBXFileReference; lastKnownFileType = sourcecode.swift; path = LogoView.swift; sourceTree = "<group>"; };
		F268EF9B2571811D00ADD4EA /* Modifiers.swift */ = {isa = PBXFileReference; lastKnownFileType = sourcecode.swift; path = Modifiers.swift; sourceTree = "<group>"; };
		F268EF9F257190B900ADD4EA /* Extensions.swift */ = {isa = PBXFileReference; lastKnownFileType = sourcecode.swift; path = Extensions.swift; sourceTree = "<group>"; };
		F268EFA2257196F900ADD4EA /* ReelView.swift */ = {isa = PBXFileReference; lastKnownFileType = sourcecode.swift; path = ReelView.swift; sourceTree = "<group>"; };
/* End PBXFileReference section */

/* Begin PBXFrameworksBuildPhase section */
		F24F99D325716F710000182D /* Frameworks */ = {
			isa = PBXFrameworksBuildPhase;
			buildActionMask = 2147483647;
			files = (
			);
			runOnlyForDeploymentPostprocessing = 0;
		};
/* End PBXFrameworksBuildPhase section */

/* Begin PBXGroup section */
		F219759D2571B90F0056B028 /* Model */ = {
			isa = PBXGroup;
			children = (
				F219759E2571B9320056B028 /* SymbolsModel.swift */,
			);
			path = Model;
			sourceTree = "<group>";
		};
		F24F99CD25716F710000182D = {
			isa = PBXGroup;
			children = (
				F24F99D825716F710000182D /* iSlots */,
				F24F99D725716F710000182D /* Products */,
			);
			sourceTree = "<group>";
		};
		F24F99D725716F710000182D /* Products */ = {
			isa = PBXGroup;
			children = (
				F24F99D625716F710000182D /* iSlots.app */,
			);
			name = Products;
			sourceTree = "<group>";
		};
		F24F99D825716F710000182D /* iSlots */ = {
			isa = PBXGroup;
			children = (
				F21975A62574431C0056B028 /* iSlots.entitlements */,
				F219759D2571B90F0056B028 /* Model */,
				F24F99FC257173EC0000182D /* Views */,
				F24F99FB257173E50000182D /* Helpers */,
				F24F99FA257173D30000182D /* Sounds */,
				F24F99DD25716F730000182D /* Assets.xcassets */,
				F24F99E225716F730000182D /* Info.plist */,
				F24F99FE257174410000182D /* LaunchScreen.storyboard */,
				F24F99DF25716F730000182D /* Preview Content */,
			);
			path = iSlots;
			sourceTree = "<group>";
		};
		F24F99DF25716F730000182D /* Preview Content */ = {
			isa = PBXGroup;
			children = (
				F24F99E025716F730000182D /* Preview Assets.xcassets */,
			);
			path = "Preview Content";
			sourceTree = "<group>";
		};
		F24F99FA257173D30000182D /* Sounds */ = {
			isa = PBXGroup;
			children = (
				F24F99EB257173C50000182D /* background-music.mp3 */,
				F24F99EA257173C50000182D /* casino-chips.mp3 */,
				F24F99EF257173C50000182D /* chimeup.mp3 */,
				F24F99EC257173C50000182D /* game-over.mp3 */,
				F24F99EE257173C50000182D /* high-score.mp3 */,
				F24F99ED257173C50000182D /* riseup.mp3 */,
				F24F99F0257173C50000182D /* spin.mp3 */,
				F24F99E9257173C40000182D /* win.mp3 */,
			);
			path = Sounds;
			sourceTree = "<group>";
		};
		F24F99FB257173E50000182D /* Helpers */ = {
			isa = PBXGroup;
			children = (
				F268EF9B2571811D00ADD4EA /* Modifiers.swift */,
				F268EF9F257190B900ADD4EA /* Extensions.swift */,
				F21975A32572DF460056B028 /* PlaySound.swift */,
			);
			path = Helpers;
			sourceTree = "<group>";
		};
		F24F99FC257173EC0000182D /* Views */ = {
			isa = PBXGroup;
			children = (
				F24F99DB25716F710000182D /* ContentView.swift */,
				F268EFA2257196F900ADD4EA /* ReelView.swift */,
				F268EF982571808E00ADD4EA /* LogoView.swift */,
				F24F99D925716F710000182D /* iSlotsApp.swift */,
				F219759A2571A7950056B028 /* InfoView.swift */,
			);
			path = Views;
			sourceTree = "<group>";
		};
/* End PBXGroup section */

/* Begin PBXNativeTarget section */
		F24F99D525716F710000182D /* iSlots */ = {
			isa = PBXNativeTarget;
			buildConfigurationList = F24F99E525716F730000182D /* Build configuration list for PBXNativeTarget "iSlots" */;
			buildPhases = (
				F24F99D225716F710000182D /* Sources */,
				F24F99D325716F710000182D /* Frameworks */,
				F24F99D425716F710000182D /* Resources */,
			);
			buildRules = (
			);
			dependencies = (
			);
			name = iSlots;
			productName = iSlots;
			productReference = F24F99D625716F710000182D /* iSlots.app */;
			productType = "com.apple.product-type.application";
		};
/* End PBXNativeTarget section */

/* Begin PBXProject section */
		F24F99CE25716F710000182D /* Project object */ = {
			isa = PBXProject;
			attributes = {
				LastSwiftUpdateCheck = 1220;
				LastUpgradeCheck = 1220;
				TargetAttributes = {
					F24F99D525716F710000182D = {
						CreatedOnToolsVersion = 12.2;
					};
				};
			};
			buildConfigurationList = F24F99D125716F710000182D /* Build configuration list for PBXProject "iSlots" */;
			compatibilityVersion = "Xcode 9.3";
			developmentRegion = en;
			hasScannedForEncodings = 0;
			knownRegions = (
				en,
				Base,
			);
			mainGroup = F24F99CD25716F710000182D;
			productRefGroup = F24F99D725716F710000182D /* Products */;
			projectDirPath = "";
			projectRoot = "";
			targets = (
				F24F99D525716F710000182D /* iSlots */,
			);
		};
/* End PBXProject section */

/* Begin PBXResourcesBuildPhase section */
		F24F99D425716F710000182D /* Resources */ = {
			isa = PBXResourcesBuildPhase;
			buildActionMask = 2147483647;
			files = (
				F24F99F1257173C50000182D /* win.mp3 in Resources */,
				F24F99E125716F730000182D /* Preview Assets.xcassets in Resources */,
				F24F99F5257173C50000182D /* riseup.mp3 in Resources */,
				F24F99F7257173C50000182D /* chimeup.mp3 in Resources */,
				F24F99F3257173C50000182D /* background-music.mp3 in Resources */,
				F24F99DE25716F730000182D /* Assets.xcassets in Resources */,
				F24F99F8257173C50000182D /* spin.mp3 in Resources */,
				F24F99F6257173C50000182D /* high-score.mp3 in Resources */,
				F24F99F4257173C50000182D /* game-over.mp3 in Resources */,
				F24F99FF257174410000182D /* LaunchScreen.storyboard in Resources */,
				F24F99F2257173C50000182D /* casino-chips.mp3 in Resources */,
			);
			runOnlyForDeploymentPostprocessing = 0;
		};
/* End PBXResourcesBuildPhase section */

/* Begin PBXSourcesBuildPhase section */
		F24F99D225716F710000182D /* Sources */ = {
			isa = PBXSourcesBuildPhase;
			buildActionMask = 2147483647;
			files = (
				F268EFA3257196F900ADD4EA /* ReelView.swift in Sources */,
				F21975A42572DF460056B028 /* PlaySound.swift in Sources */,
				F268EFA0257190B900ADD4EA /* Extensions.swift in Sources */,
				F268EF9C2571811D00ADD4EA /* Modifiers.swift in Sources */,
				F24F99DC25716F710000182D /* ContentView.swift in Sources */,
				F268EF992571808E00ADD4EA /* LogoView.swift in Sources */,
				F24F99DA25716F710000182D /* iSlotsApp.swift in Sources */,
				F219759F2571B9320056B028 /* SymbolsModel.swift in Sources */,
				F219759B2571A7950056B028 /* InfoView.swift in Sources */,
			);
			runOnlyForDeploymentPostprocessing = 0;
		};
/* End PBXSourcesBuildPhase section */

/* Begin XCBuildConfiguration section */
		F24F99E325716F730000182D /* Debug */ = {
			isa = XCBuildConfiguration;
			buildSettings = {
				ALWAYS_SEARCH_USER_PATHS = NO;
				CLANG_ANALYZER_NONNULL = YES;
				CLANG_ANALYZER_NUMBER_OBJECT_CONVERSION = YES_AGGRESSIVE;
				CLANG_CXX_LANGUAGE_STANDARD = "gnu++14";
				CLANG_CXX_LIBRARY = "libc++";
				CLANG_ENABLE_MODULES = YES;
				CLANG_ENABLE_OBJC_ARC = YES;
				CLANG_ENABLE_OBJC_WEAK = YES;
				CLANG_WARN_BLOCK_CAPTURE_AUTORELEASING = YES;
				CLANG_WARN_BOOL_CONVERSION = YES;
				CLANG_WARN_COMMA = YES;
				CLANG_WARN_CONSTANT_CONVERSION = YES;
				CLANG_WARN_DEPRECATED_OBJC_IMPLEMENTATIONS = YES;
				CLANG_WARN_DIRECT_OBJC_ISA_USAGE = YES_ERROR;
				CLANG_WARN_DOCUMENTATION_COMMENTS = YES;
				CLANG_WARN_EMPTY_BODY = YES;
				CLANG_WARN_ENUM_CONVERSION = YES;
				CLANG_WARN_INFINITE_RECURSION = YES;
				CLANG_WARN_INT_CONVERSION = YES;
				CLANG_WARN_NON_LITERAL_NULL_CONVERSION = YES;
				CLANG_WARN_OBJC_IMPLICIT_RETAIN_SELF = YES;
				CLANG_WARN_OBJC_LITERAL_CONVERSION = YES;
				CLANG_WARN_OBJC_ROOT_CLASS = YES_ERROR;
				CLANG_WARN_QUOTED_INCLUDE_IN_FRAMEWORK_HEADER = YES;
				CLANG_WARN_RANGE_LOOP_ANALYSIS = YES;
				CLANG_WARN_STRICT_PROTOTYPES = YES;
				CLANG_WARN_SUSPICIOUS_MOVE = YES;
				CLANG_WARN_UNGUARDED_AVAILABILITY = YES_AGGRESSIVE;
				CLANG_WARN_UNREACHABLE_CODE = YES;
				CLANG_WARN__DUPLICATE_METHOD_MATCH = YES;
				COPY_PHASE_STRIP = NO;
				DEBUG_INFORMATION_FORMAT = dwarf;
				ENABLE_STRICT_OBJC_MSGSEND = YES;
				ENABLE_TESTABILITY = YES;
				GCC_C_LANGUAGE_STANDARD = gnu11;
				GCC_DYNAMIC_NO_PIC = NO;
				GCC_NO_COMMON_BLOCKS = YES;
				GCC_OPTIMIZATION_LEVEL = 0;
				GCC_PREPROCESSOR_DEFINITIONS = (
					"DEBUG=1",
					"$(inherited)",
				);
				GCC_WARN_64_TO_32_BIT_CONVERSION = YES;
				GCC_WARN_ABOUT_RETURN_TYPE = YES_ERROR;
				GCC_WARN_UNDECLARED_SELECTOR = YES;
				GCC_WARN_UNINITIALIZED_AUTOS = YES_AGGRESSIVE;
				GCC_WARN_UNUSED_FUNCTION = YES;
				GCC_WARN_UNUSED_VARIABLE = YES;
				IPHONEOS_DEPLOYMENT_TARGET = 14.2;
				MTL_ENABLE_DEBUG_INFO = INCLUDE_SOURCE;
				MTL_FAST_MATH = YES;
				ONLY_ACTIVE_ARCH = YES;
				SDKROOT = iphoneos;
				SWIFT_ACTIVE_COMPILATION_CONDITIONS = DEBUG;
				SWIFT_OPTIMIZATION_LEVEL = "-Onone";
			};
			name = Debug;
		};
		F24F99E425716F730000182D /* Release */ = {
			isa = XCBuildConfiguration;
			buildSettings = {
				ALWAYS_SEARCH_USER_PATHS = NO;
				CLANG_ANALYZER_NONNULL = YES;
				CLANG_ANALYZER_NUMBER_OBJECT_CONVERSION = YES_AGGRESSIVE;
				CLANG_CXX_LANGUAGE_STANDARD = "gnu++14";
				CLANG_CXX_LIBRARY = "libc++";
				CLANG_ENABLE_MODULES = YES;
				CLANG_ENABLE_OBJC_ARC = YES;
				CLANG_ENABLE_OBJC_WEAK = YES;
				CLANG_WARN_BLOCK_CAPTURE_AUTORELEASING = YES;
				CLANG_WARN_BOOL_CONVERSION = YES;
				CLANG_WARN_COMMA = YES;
				CLANG_WARN_CONSTANT_CONVERSION = YES;
				CLANG_WARN_DEPRECATED_OBJC_IMPLEMENTATIONS = YES;
				CLANG_WARN_DIRECT_OBJC_ISA_USAGE = YES_ERROR;
				CLANG_WARN_DOCUMENTATION_COMMENTS = YES;
				CLANG_WARN_EMPTY_BODY = YES;
				CLANG_WARN_ENUM_CONVERSION = YES;
				CLANG_WARN_INFINITE_RECURSION = YES;
				CLANG_WARN_INT_CONVERSION = YES;
				CLANG_WARN_NON_LITERAL_NULL_CONVERSION = YES;
				CLANG_WARN_OBJC_IMPLICIT_RETAIN_SELF = YES;
				CLANG_WARN_OBJC_LITERAL_CONVERSION = YES;
				CLANG_WARN_OBJC_ROOT_CLASS = YES_ERROR;
				CLANG_WARN_QUOTED_INCLUDE_IN_FRAMEWORK_HEADER = YES;
				CLANG_WARN_RANGE_LOOP_ANALYSIS = YES;
				CLANG_WARN_STRICT_PROTOTYPES = YES;
				CLANG_WARN_SUSPICIOUS_MOVE = YES;
				CLANG_WARN_UNGUARDED_AVAILABILITY = YES_AGGRESSIVE;
				CLANG_WARN_UNREACHABLE_CODE = YES;
				CLANG_WARN__DUPLICATE_METHOD_MATCH = YES;
				COPY_PHASE_STRIP = NO;
				DEBUG_INFORMATION_FORMAT = "dwarf-with-dsym";
				ENABLE_NS_ASSERTIONS = NO;
				ENABLE_STRICT_OBJC_MSGSEND = YES;
				GCC_C_LANGUAGE_STANDARD = gnu11;
				GCC_NO_COMMON_BLOCKS = YES;
				GCC_WARN_64_TO_32_BIT_CONVERSION = YES;
				GCC_WARN_ABOUT_RETURN_TYPE = YES_ERROR;
				GCC_WARN_UNDECLARED_SELECTOR = YES;
				GCC_WARN_UNINITIALIZED_AUTOS = YES_AGGRESSIVE;
				GCC_WARN_UNUSED_FUNCTION = YES;
				GCC_WARN_UNUSED_VARIABLE = YES;
				IPHONEOS_DEPLOYMENT_TARGET = 14.2;
				MTL_ENABLE_DEBUG_INFO = NO;
				MTL_FAST_MATH = YES;
				SDKROOT = iphoneos;
				SWIFT_COMPILATION_MODE = wholemodule;
				SWIFT_OPTIMIZATION_LEVEL = "-O";
				VALIDATE_PRODUCT = YES;
			};
			name = Release;
		};
		F24F99E625716F730000182D /* Debug */ = {
			isa = XCBuildConfiguration;
			buildSettings = {
				ASSETCATALOG_COMPILER_APPICON_NAME = AppIcon;
				ASSETCATALOG_COMPILER_GLOBAL_ACCENT_COLOR_NAME = AccentColor;
				CODE_SIGN_ENTITLEMENTS = iSlots/iSlots.entitlements;
				CODE_SIGN_STYLE = Automatic;
				DEVELOPMENT_ASSET_PATHS = "\"iSlots/Preview Content\"";
				DEVELOPMENT_TEAM = 9XZH24N38H;
				ENABLE_PREVIEWS = YES;
				INFOPLIST_FILE = iSlots/Info.plist;
				IPHONEOS_DEPLOYMENT_TARGET = 14.0;
				LD_RUNPATH_SEARCH_PATHS = (
					"$(inherited)",
					"@executable_path/Frameworks",
				);
				PRODUCT_BUNDLE_IDENTIFIER = com.jsween.iSlots;
				PRODUCT_NAME = "$(TARGET_NAME)";
				SUPPORTS_MACCATALYST = YES;
				SWIFT_VERSION = 5.0;
				TARGETED_DEVICE_FAMILY = "1,2";
			};
			name = Debug;
		};
		F24F99E725716F730000182D /* Release */ = {
			isa = XCBuildConfiguration;
			buildSettings = {
				ASSETCATALOG_COMPILER_APPICON_NAME = AppIcon;
				ASSETCATALOG_COMPILER_GLOBAL_ACCENT_COLOR_NAME = AccentColor;
				CODE_SIGN_ENTITLEMENTS = iSlots/iSlots.entitlements;
				CODE_SIGN_STYLE = Automatic;
				DEVELOPMENT_ASSET_PATHS = "\"iSlots/Preview Content\"";
				DEVELOPMENT_TEAM = 9XZH24N38H;
				ENABLE_PREVIEWS = YES;
				INFOPLIST_FILE = iSlots/Info.plist;
				IPHONEOS_DEPLOYMENT_TARGET = 14.0;
				LD_RUNPATH_SEARCH_PATHS = (
					"$(inherited)",
					"@executable_path/Frameworks",
				);
				PRODUCT_BUNDLE_IDENTIFIER = com.jsween.iSlots;
				PRODUCT_NAME = "$(TARGET_NAME)";
				SUPPORTS_MACCATALYST = YES;
				SWIFT_VERSION = 5.0;
				TARGETED_DEVICE_FAMILY = "1,2";
			};
			name = Release;
		};
/* End XCBuildConfiguration section */

/* Begin XCConfigurationList section */
		F24F99D125716F710000182D /* Build configuration list for PBXProject "iSlots" */ = {
			isa = XCConfigurationList;
			buildConfigurations = (
				F24F99E325716F730000182D /* Debug */,
				F24F99E425716F730000182D /* Release */,
			);
			defaultConfigurationIsVisible = 0;
			defaultConfigurationName = Release;
		};
		F24F99E525716F730000182D /* Build configuration list for PBXNativeTarget "iSlots" */ = {
			isa = XCConfigurationList;
			buildConfigurations = (
				F24F99E625716F730000182D /* Debug */,
				F24F99E725716F730000182D /* Release */,
			);
			defaultConfigurationIsVisible = 0;
			defaultConfigurationName = Release;
		};
/* End XCConfigurationList section */
	};
	rootObject = F24F99CE25716F710000182D /* Project object */;
}
